{
  "name": "trade",
  "version": "1.0.0",
  "lockfileVersion": 1,
  "requires": true,
  "dependencies": {
    "jquery": {
      "version": "1.11.2",
      "resolved": "https://registry.npmjs.org/jquery/-/jquery-1.11.2.tgz",
      "integrity": "sha1-MKsmhXIRw3yqg9oPaQMVX+Sbty0="
    },
    "pako": {
      "version": "1.0.6",
      "resolved": "https://registry.npmjs.org/pako/-/pako-1.0.6.tgz",
      "integrity": "sha512-lQe48YPsMJAig+yngZ87Lus+NF+3mtu7DVOBu6b/gHO1YpKwIj5AWjZ/TOS7i46HD/UixzWb1zeWDZfGZ3iYcg=="
    }
  }
}
